// !$*UTF8*$!
{
	archiveVersion = 1;
	classes = {
	};
	objectVersion = 46;
	objects = {

/* Begin PBXBuildFile section */
		2913CD9E74B8B120E3709416 /* libPods-EncountersTests.a in Frameworks */ = {isa = PBXBuildFile; fileRef = 100E95C29876B4BEBBA0B2BC /* libPods-EncountersTests.a */; };
		6B7254BC1A0E900900374977 /* main.m in Sources */ = {isa = PBXBuildFile; fileRef = 6B7254BB1A0E900900374977 /* main.m */; };
		6B7254BF1A0E900900374977 /* AppDelegate.m in Sources */ = {isa = PBXBuildFile; fileRef = 6B7254BE1A0E900900374977 /* AppDelegate.m */; };
		6B7254C21A0E900900374977 /* ViewController.m in Sources */ = {isa = PBXBuildFile; fileRef = 6B7254C11A0E900900374977 /* ViewController.m */; };
		6B7254C51A0E900900374977 /* Main.storyboard in Resources */ = {isa = PBXBuildFile; fileRef = 6B7254C31A0E900900374977 /* Main.storyboard */; };
		6B7254C71A0E900900374977 /* Images.xcassets in Resources */ = {isa = PBXBuildFile; fileRef = 6B7254C61A0E900900374977 /* Images.xcassets */; };
		6B7254CA1A0E900900374977 /* LaunchScreen.xib in Resources */ = {isa = PBXBuildFile; fileRef = 6B7254C81A0E900900374977 /* LaunchScreen.xib */; };
		6B7254D61A0E900900374977 /* EncountersTests.m in Sources */ = {isa = PBXBuildFile; fileRef = 6B7254D51A0E900900374977 /* EncountersTests.m */; };
		6B7254E21A0E950D00374977 /* backgroundReckroom.jpg in Resources */ = {isa = PBXBuildFile; fileRef = 6B7254E11A0E950D00374977 /* backgroundReckroom.jpg */; };
		6B7254E51A0EA67B00374977 /* Prompt.m in Sources */ = {isa = PBXBuildFile; fileRef = 6B7254E41A0EA67B00374977 /* Prompt.m */; };
		6B7254E81A0EB1EF00374977 /* ServerHandler.m in Sources */ = {isa = PBXBuildFile; fileRef = 6B7254E71A0EB1EF00374977 /* ServerHandler.m */; };
		6B7254EA1A0EF14E00374977 /* GrandfatherStudyInkColin2.tif in Resources */ = {isa = PBXBuildFile; fileRef = 6B7254E91A0EF14E00374977 /* GrandfatherStudyInkColin2.tif */; };
		6B7254EE1A0EF1CA00374977 /* DodgeDartChapt1.jpg in Resources */ = {isa = PBXBuildFile; fileRef = 6B7254ED1A0EF1CA00374977 /* DodgeDartChapt1.jpg */; };
		6B7254F11A0EF22600374977 /* SplashViewController.m in Sources */ = {isa = PBXBuildFile; fileRef = 6B7254F01A0EF22600374977 /* SplashViewController.m */; };
		6B7254F31A0EF94D00374977 /* Grandma'sTV0728.png in Resources */ = {isa = PBXBuildFile; fileRef = 6B7254F21A0EF94D00374977 /* Grandma'sTV0728.png */; };
		B0E0F82D1A0FDB3000AC4849 /* Video.storyboard in Resources */ = {isa = PBXBuildFile; fileRef = B0E0F82A1A0FDB3000AC4849 /* Video.storyboard */; };
		B0E0F82E1A0FDB3000AC4849 /* VideoViewController.m in Sources */ = {isa = PBXBuildFile; fileRef = B0E0F82B1A0FDB3000AC4849 /* VideoViewController.m */; };
		B0E0F8301A0FDB3B00AC4849 /* self.mp4 in Resources */ = {isa = PBXBuildFile; fileRef = B0E0F82F1A0FDB3B00AC4849 /* self.mp4 */; };
		B0E0F83F1A0FE58F00AC4849 /* still0001.jpg in Resources */ = {isa = PBXBuildFile; fileRef = B0E0F8321A0FE58F00AC4849 /* still0001.jpg */; };
		B0E0F8401A0FE58F00AC4849 /* still0002.jpg in Resources */ = {isa = PBXBuildFile; fileRef = B0E0F8331A0FE58F00AC4849 /* still0002.jpg */; };
		B0E0F8411A0FE58F00AC4849 /* still0003.jpg in Resources */ = {isa = PBXBuildFile; fileRef = B0E0F8341A0FE58F00AC4849 /* still0003.jpg */; };
		B0E0F8421A0FE58F00AC4849 /* still0004.jpg in Resources */ = {isa = PBXBuildFile; fileRef = B0E0F8351A0FE58F00AC4849 /* still0004.jpg */; };
		B0E0F8431A0FE58F00AC4849 /* still0005.jpg in Resources */ = {isa = PBXBuildFile; fileRef = B0E0F8361A0FE58F00AC4849 /* still0005.jpg */; };
		B0E0F8441A0FE58F00AC4849 /* still0006.jpg in Resources */ = {isa = PBXBuildFile; fileRef = B0E0F8371A0FE58F00AC4849 /* still0006.jpg */; };
		B0E0F8451A0FE58F00AC4849 /* still0007.jpg in Resources */ = {isa = PBXBuildFile; fileRef = B0E0F8381A0FE58F00AC4849 /* still0007.jpg */; };
		B0E0F8461A0FE58F00AC4849 /* still0008.jpg in Resources */ = {isa = PBXBuildFile; fileRef = B0E0F8391A0FE58F00AC4849 /* still0008.jpg */; };
		B0E0F8471A0FE58F00AC4849 /* still0009.jpg in Resources */ = {isa = PBXBuildFile; fileRef = B0E0F83A1A0FE58F00AC4849 /* still0009.jpg */; };
		B0E0F8481A0FE58F00AC4849 /* still0010.jpg in Resources */ = {isa = PBXBuildFile; fileRef = B0E0F83B1A0FE58F00AC4849 /* still0010.jpg */; };
		B0E0F8491A0FE58F00AC4849 /* still0011.jpg in Resources */ = {isa = PBXBuildFile; fileRef = B0E0F83C1A0FE58F00AC4849 /* still0011.jpg */; };
		B0E0F84A1A0FE58F00AC4849 /* still0012.jpg in Resources */ = {isa = PBXBuildFile; fileRef = B0E0F83D1A0FE58F00AC4849 /* still0012.jpg */; };
		B0E0F84B1A0FE58F00AC4849 /* still0013.jpg in Resources */ = {isa = PBXBuildFile; fileRef = B0E0F83E1A0FE58F00AC4849 /* still0013.jpg */; };
		CFFA6D40BEC3445F4BE0AF6C /* libPods-Encounters.a in Frameworks */ = {isa = PBXBuildFile; fileRef = EC634843D9364939F7404F2B /* libPods-Encounters.a */; };
/* End PBXBuildFile section */

/* Begin PBXContainerItemProxy section */
		6B7254D01A0E900900374977 /* PBXContainerItemProxy */ = {
			isa = PBXContainerItemProxy;
			containerPortal = 6B7254AE1A0E900800374977 /* Project object */;
			proxyType = 1;
			remoteGlobalIDString = 6B7254B51A0E900800374977;
			remoteInfo = Encounters;
		};
/* End PBXContainerItemProxy section */

/* Begin PBXFileReference section */
		100E95C29876B4BEBBA0B2BC /* libPods-EncountersTests.a */ = {isa = PBXFileReference; explicitFileType = archive.ar; includeInIndex = 0; path = "libPods-EncountersTests.a"; sourceTree = BUILT_PRODUCTS_DIR; };
		4AC642BC26650AE6CC756776 /* Pods-Encounters.debug.xcconfig */ = {isa = PBXFileReference; includeInIndex = 1; lastKnownFileType = text.xcconfig; name = "Pods-Encounters.debug.xcconfig"; path = "Pods/Target Support Files/Pods-Encounters/Pods-Encounters.debug.xcconfig"; sourceTree = "<group>"; };
		5BB18F4FC31A9A5A3DE8A32A /* Pods-EncountersTests.debug.xcconfig */ = {isa = PBXFileReference; includeInIndex = 1; lastKnownFileType = text.xcconfig; name = "Pods-EncountersTests.debug.xcconfig"; path = "Pods/Target Support Files/Pods-EncountersTests/Pods-EncountersTests.debug.xcconfig"; sourceTree = "<group>"; };
		6B7254B61A0E900900374977 /* Encounters.app */ = {isa = PBXFileReference; explicitFileType = wrapper.application; includeInIndex = 0; path = Encounters.app; sourceTree = BUILT_PRODUCTS_DIR; };
		6B7254BA1A0E900900374977 /* Info.plist */ = {isa = PBXFileReference; lastKnownFileType = text.plist.xml; path = Info.plist; sourceTree = "<group>"; };
		6B7254BB1A0E900900374977 /* main.m */ = {isa = PBXFileReference; lastKnownFileType = sourcecode.c.objc; path = main.m; sourceTree = "<group>"; };
		6B7254BD1A0E900900374977 /* AppDelegate.h */ = {isa = PBXFileReference; lastKnownFileType = sourcecode.c.h; path = AppDelegate.h; sourceTree = "<group>"; };
		6B7254BE1A0E900900374977 /* AppDelegate.m */ = {isa = PBXFileReference; lastKnownFileType = sourcecode.c.objc; path = AppDelegate.m; sourceTree = "<group>"; };
		6B7254C01A0E900900374977 /* ViewController.h */ = {isa = PBXFileReference; lastKnownFileType = sourcecode.c.h; path = ViewController.h; sourceTree = "<group>"; };
		6B7254C11A0E900900374977 /* ViewController.m */ = {isa = PBXFileReference; lastKnownFileType = sourcecode.c.objc; path = ViewController.m; sourceTree = "<group>"; };
		6B7254C41A0E900900374977 /* Base */ = {isa = PBXFileReference; lastKnownFileType = file.storyboard; name = Base; path = Base.lproj/Main.storyboard; sourceTree = "<group>"; };
		6B7254C61A0E900900374977 /* Images.xcassets */ = {isa = PBXFileReference; lastKnownFileType = folder.assetcatalog; path = Images.xcassets; sourceTree = "<group>"; };
		6B7254C91A0E900900374977 /* Base */ = {isa = PBXFileReference; lastKnownFileType = file.xib; name = Base; path = Base.lproj/LaunchScreen.xib; sourceTree = "<group>"; };
		6B7254CF1A0E900900374977 /* EncountersTests.xctest */ = {isa = PBXFileReference; explicitFileType = wrapper.cfbundle; includeInIndex = 0; path = EncountersTests.xctest; sourceTree = BUILT_PRODUCTS_DIR; };
		6B7254D41A0E900900374977 /* Info.plist */ = {isa = PBXFileReference; lastKnownFileType = text.plist.xml; path = Info.plist; sourceTree = "<group>"; };
		6B7254D51A0E900900374977 /* EncountersTests.m */ = {isa = PBXFileReference; lastKnownFileType = sourcecode.c.objc; path = EncountersTests.m; sourceTree = "<group>"; };
		6B7254E11A0E950D00374977 /* backgroundReckroom.jpg */ = {isa = PBXFileReference; lastKnownFileType = image.jpeg; path = backgroundReckroom.jpg; sourceTree = "<group>"; };
		6B7254E31A0EA67B00374977 /* Prompt.h */ = {isa = PBXFileReference; fileEncoding = 4; lastKnownFileType = sourcecode.c.h; path = Prompt.h; sourceTree = "<group>"; };
		6B7254E41A0EA67B00374977 /* Prompt.m */ = {isa = PBXFileReference; fileEncoding = 4; lastKnownFileType = sourcecode.c.objc; path = Prompt.m; sourceTree = "<group>"; };
		6B7254E61A0EB1EF00374977 /* ServerHandler.h */ = {isa = PBXFileReference; fileEncoding = 4; lastKnownFileType = sourcecode.c.h; path = ServerHandler.h; sourceTree = "<group>"; };
		6B7254E71A0EB1EF00374977 /* ServerHandler.m */ = {isa = PBXFileReference; fileEncoding = 4; lastKnownFileType = sourcecode.c.objc; path = ServerHandler.m; sourceTree = "<group>"; };
		6B7254E91A0EF14E00374977 /* GrandfatherStudyInkColin2.tif */ = {isa = PBXFileReference; lastKnownFileType = image.tiff; path = GrandfatherStudyInkColin2.tif; sourceTree = "<group>"; };
		6B7254ED1A0EF1CA00374977 /* DodgeDartChapt1.jpg */ = {isa = PBXFileReference; lastKnownFileType = image.jpeg; path = DodgeDartChapt1.jpg; sourceTree = "<group>"; };
		6B7254EF1A0EF22600374977 /* SplashViewController.h */ = {isa = PBXFileReference; fileEncoding = 4; lastKnownFileType = sourcecode.c.h; path = SplashViewController.h; sourceTree = "<group>"; };
		6B7254F01A0EF22600374977 /* SplashViewController.m */ = {isa = PBXFileReference; fileEncoding = 4; lastKnownFileType = sourcecode.c.objc; path = SplashViewController.m; sourceTree = "<group>"; };
		6B7254F21A0EF94D00374977 /* Grandma'sTV0728.png */ = {isa = PBXFileReference; lastKnownFileType = image.png; path = "Grandma'sTV0728.png"; sourceTree = "<group>"; };
		B0E0F82A1A0FDB3000AC4849 /* Video.storyboard */ = {isa = PBXFileReference; fileEncoding = 4; lastKnownFileType = file.storyboard; path = Video.storyboard; sourceTree = "<group>"; };
		B0E0F82B1A0FDB3000AC4849 /* VideoViewController.m */ = {isa = PBXFileReference; fileEncoding = 4; lastKnownFileType = sourcecode.c.objc; path = VideoViewController.m; sourceTree = "<group>"; };
		B0E0F82C1A0FDB3000AC4849 /* VideoViewController.h */ = {isa = PBXFileReference; fileEncoding = 4; lastKnownFileType = sourcecode.c.h; path = VideoViewController.h; sourceTree = "<group>"; };
		B0E0F82F1A0FDB3B00AC4849 /* self.mp4 */ = {isa = PBXFileReference; lastKnownFileType = file; path = self.mp4; sourceTree = "<group>"; };
		B0E0F8321A0FE58F00AC4849 /* still0001.jpg */ = {isa = PBXFileReference; lastKnownFileType = image.jpeg; name = still0001.jpg; path = stills/still0001.jpg; sourceTree = "<group>"; };
		B0E0F8331A0FE58F00AC4849 /* still0002.jpg */ = {isa = PBXFileReference; lastKnownFileType = image.jpeg; name = still0002.jpg; path = stills/still0002.jpg; sourceTree = "<group>"; };
		B0E0F8341A0FE58F00AC4849 /* still0003.jpg */ = {isa = PBXFileReference; lastKnownFileType = image.jpeg; name = still0003.jpg; path = stills/still0003.jpg; sourceTree = "<group>"; };
		B0E0F8351A0FE58F00AC4849 /* still0004.jpg */ = {isa = PBXFileReference; lastKnownFileType = image.jpeg; name = still0004.jpg; path = stills/still0004.jpg; sourceTree = "<group>"; };
		B0E0F8361A0FE58F00AC4849 /* still0005.jpg */ = {isa = PBXFileReference; lastKnownFileType = image.jpeg; name = still0005.jpg; path = stills/still0005.jpg; sourceTree = "<group>"; };
		B0E0F8371A0FE58F00AC4849 /* still0006.jpg */ = {isa = PBXFileReference; lastKnownFileType = image.jpeg; name = still0006.jpg; path = stills/still0006.jpg; sourceTree = "<group>"; };
		B0E0F8381A0FE58F00AC4849 /* still0007.jpg */ = {isa = PBXFileReference; lastKnownFileType = image.jpeg; name = still0007.jpg; path = stills/still0007.jpg; sourceTree = "<group>"; };
		B0E0F8391A0FE58F00AC4849 /* still0008.jpg */ = {isa = PBXFileReference; lastKnownFileType = image.jpeg; name = still0008.jpg; path = stills/still0008.jpg; sourceTree = "<group>"; };
		B0E0F83A1A0FE58F00AC4849 /* still0009.jpg */ = {isa = PBXFileReference; lastKnownFileType = image.jpeg; name = still0009.jpg; path = stills/still0009.jpg; sourceTree = "<group>"; };
		B0E0F83B1A0FE58F00AC4849 /* still0010.jpg */ = {isa = PBXFileReference; lastKnownFileType = image.jpeg; name = still0010.jpg; path = stills/still0010.jpg; sourceTree = "<group>"; };
		B0E0F83C1A0FE58F00AC4849 /* still0011.jpg */ = {isa = PBXFileReference; lastKnownFileType = image.jpeg; name = still0011.jpg; path = stills/still0011.jpg; sourceTree = "<group>"; };
		B0E0F83D1A0FE58F00AC4849 /* still0012.jpg */ = {isa = PBXFileReference; lastKnownFileType = image.jpeg; name = still0012.jpg; path = stills/still0012.jpg; sourceTree = "<group>"; };
		B0E0F83E1A0FE58F00AC4849 /* still0013.jpg */ = {isa = PBXFileReference; lastKnownFileType = image.jpeg; name = still0013.jpg; path = stills/still0013.jpg; sourceTree = "<group>"; };
		BAC26E4819CF443216B7CC64 /* Pods-Encounters.release.xcconfig */ = {isa = PBXFileReference; includeInIndex = 1; lastKnownFileType = text.xcconfig; name = "Pods-Encounters.release.xcconfig"; path = "Pods/Target Support Files/Pods-Encounters/Pods-Encounters.release.xcconfig"; sourceTree = "<group>"; };
		D051BDBD2D1CBFA03DAF7066 /* Pods-EncountersTests.release.xcconfig */ = {isa = PBXFileReference; includeInIndex = 1; lastKnownFileType = text.xcconfig; name = "Pods-EncountersTests.release.xcconfig"; path = "Pods/Target Support Files/Pods-EncountersTests/Pods-EncountersTests.release.xcconfig"; sourceTree = "<group>"; };
		EC634843D9364939F7404F2B /* libPods-Encounters.a */ = {isa = PBXFileReference; explicitFileType = archive.ar; includeInIndex = 0; path = "libPods-Encounters.a"; sourceTree = BUILT_PRODUCTS_DIR; };
/* End PBXFileReference section */

/* Begin PBXFrameworksBuildPhase section */
		6B7254B31A0E900800374977 /* Frameworks */ = {
			isa = PBXFrameworksBuildPhase;
			buildActionMask = 2147483647;
			files = (
				CFFA6D40BEC3445F4BE0AF6C /* libPods-Encounters.a in Frameworks */,
			);
			runOnlyForDeploymentPostprocessing = 0;
		};
		6B7254CC1A0E900900374977 /* Frameworks */ = {
			isa = PBXFrameworksBuildPhase;
			buildActionMask = 2147483647;
			files = (
				2913CD9E74B8B120E3709416 /* libPods-EncountersTests.a in Frameworks */,
			);
			runOnlyForDeploymentPostprocessing = 0;
		};
/* End PBXFrameworksBuildPhase section */

/* Begin PBXGroup section */
		6B7254AD1A0E900800374977 = {
			isa = PBXGroup;
			children = (
				6B7254EF1A0EF22600374977 /* SplashViewController.h */,
				6B7254F01A0EF22600374977 /* SplashViewController.m */,
				6B7254E31A0EA67B00374977 /* Prompt.h */,
				6B7254E41A0EA67B00374977 /* Prompt.m */,
				6B7254E61A0EB1EF00374977 /* ServerHandler.h */,
				6B7254E71A0EB1EF00374977 /* ServerHandler.m */,
				6B7254E91A0EF14E00374977 /* GrandfatherStudyInkColin2.tif */,
				6B7254ED1A0EF1CA00374977 /* DodgeDartChapt1.jpg */,
				6B7254F21A0EF94D00374977 /* Grandma'sTV0728.png */,
				6B7254B81A0E900900374977 /* Encounters */,
				6B7254D21A0E900900374977 /* EncountersTests */,
				6B7254B71A0E900900374977 /* Products */,
				CBE7AB4FF6E2406FC5C4D864 /* Pods */,
				79F3F032C160510FC229CCE6 /* Frameworks */,
			);
			sourceTree = "<group>";
		};
		6B7254B71A0E900900374977 /* Products */ = {
			isa = PBXGroup;
			children = (
				6B7254B61A0E900900374977 /* Encounters.app */,
				6B7254CF1A0E900900374977 /* EncountersTests.xctest */,
			);
			name = Products;
			sourceTree = "<group>";
		};
		6B7254B81A0E900900374977 /* Encounters */ = {
			isa = PBXGroup;
			children = (
				B0E0F8311A0FE57500AC4849 /* stills */,
				B0E0F82F1A0FDB3B00AC4849 /* self.mp4 */,
				B0E0F82A1A0FDB3000AC4849 /* Video.storyboard */,
				B0E0F82B1A0FDB3000AC4849 /* VideoViewController.m */,
				B0E0F82C1A0FDB3000AC4849 /* VideoViewController.h */,
				6B7254BD1A0E900900374977 /* AppDelegate.h */,
				6B7254BE1A0E900900374977 /* AppDelegate.m */,
				6B7254C01A0E900900374977 /* ViewController.h */,
				6B7254C11A0E900900374977 /* ViewController.m */,
				6B7254C31A0E900900374977 /* Main.storyboard */,
				6B7254C61A0E900900374977 /* Images.xcassets */,
				6B7254E11A0E950D00374977 /* backgroundReckroom.jpg */,
				6B7254C81A0E900900374977 /* LaunchScreen.xib */,
				6B7254B91A0E900900374977 /* Supporting Files */,
			);
			path = Encounters;
			sourceTree = "<group>";
		};
		6B7254B91A0E900900374977 /* Supporting Files */ = {
			isa = PBXGroup;
			children = (
				6B7254BA1A0E900900374977 /* Info.plist */,
				6B7254BB1A0E900900374977 /* main.m */,
			);
			name = "Supporting Files";
			sourceTree = "<group>";
		};
		6B7254D21A0E900900374977 /* EncountersTests */ = {
			isa = PBXGroup;
			children = (
				6B7254D51A0E900900374977 /* EncountersTests.m */,
				6B7254D31A0E900900374977 /* Supporting Files */,
			);
			path = EncountersTests;
			sourceTree = "<group>";
		};
		6B7254D31A0E900900374977 /* Supporting Files */ = {
			isa = PBXGroup;
			children = (
				6B7254D41A0E900900374977 /* Info.plist */,
			);
			name = "Supporting Files";
			sourceTree = "<group>";
		};
		79F3F032C160510FC229CCE6 /* Frameworks */ = {
			isa = PBXGroup;
			children = (
				EC634843D9364939F7404F2B /* libPods-Encounters.a */,
				100E95C29876B4BEBBA0B2BC /* libPods-EncountersTests.a */,
			);
			name = Frameworks;
			sourceTree = "<group>";
		};
		B0E0F8311A0FE57500AC4849 /* stills */ = {
			isa = PBXGroup;
			children = (
				B0E0F8321A0FE58F00AC4849 /* still0001.jpg */,
				B0E0F8331A0FE58F00AC4849 /* still0002.jpg */,
				B0E0F8341A0FE58F00AC4849 /* still0003.jpg */,
				B0E0F8351A0FE58F00AC4849 /* still0004.jpg */,
				B0E0F8361A0FE58F00AC4849 /* still0005.jpg */,
				B0E0F8371A0FE58F00AC4849 /* still0006.jpg */,
				B0E0F8381A0FE58F00AC4849 /* still0007.jpg */,
				B0E0F8391A0FE58F00AC4849 /* still0008.jpg */,
				B0E0F83A1A0FE58F00AC4849 /* still0009.jpg */,
				B0E0F83B1A0FE58F00AC4849 /* still0010.jpg */,
				B0E0F83C1A0FE58F00AC4849 /* still0011.jpg */,
				B0E0F83D1A0FE58F00AC4849 /* still0012.jpg */,
				B0E0F83E1A0FE58F00AC4849 /* still0013.jpg */,
			);
			name = stills;
			sourceTree = "<group>";
		};
		CBE7AB4FF6E2406FC5C4D864 /* Pods */ = {
			isa = PBXGroup;
			children = (
				4AC642BC26650AE6CC756776 /* Pods-Encounters.debug.xcconfig */,
				BAC26E4819CF443216B7CC64 /* Pods-Encounters.release.xcconfig */,
				5BB18F4FC31A9A5A3DE8A32A /* Pods-EncountersTests.debug.xcconfig */,
				D051BDBD2D1CBFA03DAF7066 /* Pods-EncountersTests.release.xcconfig */,
			);
			name = Pods;
			sourceTree = "<group>";
		};
/* End PBXGroup section */

/* Begin PBXNativeTarget section */
		6B7254B51A0E900800374977 /* Encounters */ = {
			isa = PBXNativeTarget;
			buildConfigurationList = 6B7254D91A0E900900374977 /* Build configuration list for PBXNativeTarget "Encounters" */;
			buildPhases = (
				9F12D6487C7CFC51FE367210 /* Check Pods Manifest.lock */,
				6B7254B21A0E900800374977 /* Sources */,
				6B7254B31A0E900800374977 /* Frameworks */,
				6B7254B41A0E900800374977 /* Resources */,
				9302F54F5B60713C0D6AC22B /* Copy Pods Resources */,
			);
			buildRules = (
			);
			dependencies = (
			);
			name = Encounters;
			productName = Encounters;
			productReference = 6B7254B61A0E900900374977 /* Encounters.app */;
			productType = "com.apple.product-type.application";
		};
		6B7254CE1A0E900900374977 /* EncountersTests */ = {
			isa = PBXNativeTarget;
			buildConfigurationList = 6B7254DC1A0E900900374977 /* Build configuration list for PBXNativeTarget "EncountersTests" */;
			buildPhases = (
				343E5300B8EDC877201722CB /* Check Pods Manifest.lock */,
				6B7254CB1A0E900900374977 /* Sources */,
				6B7254CC1A0E900900374977 /* Frameworks */,
				6B7254CD1A0E900900374977 /* Resources */,
				EA0DFA2EE0F7607F62257C8F /* Copy Pods Resources */,
			);
			buildRules = (
			);
			dependencies = (
				6B7254D11A0E900900374977 /* PBXTargetDependency */,
			);
			name = EncountersTests;
			productName = EncountersTests;
			productReference = 6B7254CF1A0E900900374977 /* EncountersTests.xctest */;
			productType = "com.apple.product-type.bundle.unit-test";
		};
/* End PBXNativeTarget section */

/* Begin PBXProject section */
		6B7254AE1A0E900800374977 /* Project object */ = {
			isa = PBXProject;
			attributes = {
				LastUpgradeCheck = 0610;
				ORGANIZATIONNAME = cmyr;
				TargetAttributes = {
					6B7254B51A0E900800374977 = {
						CreatedOnToolsVersion = 6.1;
					};
					6B7254CE1A0E900900374977 = {
						CreatedOnToolsVersion = 6.1;
						TestTargetID = 6B7254B51A0E900800374977;
					};
				};
			};
			buildConfigurationList = 6B7254B11A0E900800374977 /* Build configuration list for PBXProject "Encounters" */;
			compatibilityVersion = "Xcode 3.2";
			developmentRegion = English;
			hasScannedForEncodings = 0;
			knownRegions = (
				en,
				Base,
			);
			mainGroup = 6B7254AD1A0E900800374977;
			productRefGroup = 6B7254B71A0E900900374977 /* Products */;
			projectDirPath = "";
			projectRoot = "";
			targets = (
				6B7254B51A0E900800374977 /* Encounters */,
				6B7254CE1A0E900900374977 /* EncountersTests */,
			);
		};
/* End PBXProject section */

/* Begin PBXResourcesBuildPhase section */
		6B7254B41A0E900800374977 /* Resources */ = {
			isa = PBXResourcesBuildPhase;
			buildActionMask = 2147483647;
			files = (
				6B7254C51A0E900900374977 /* Main.storyboard in Resources */,
				B0E0F8431A0FE58F00AC4849 /* still0005.jpg in Resources */,
				6B7254EE1A0EF1CA00374977 /* DodgeDartChapt1.jpg in Resources */,
				6B7254EA1A0EF14E00374977 /* GrandfatherStudyInkColin2.tif in Resources */,
				B0E0F8461A0FE58F00AC4849 /* still0008.jpg in Resources */,
				B0E0F8411A0FE58F00AC4849 /* still0003.jpg in Resources */,
				B0E0F8481A0FE58F00AC4849 /* still0010.jpg in Resources */,
				6B7254CA1A0E900900374977 /* LaunchScreen.xib in Resources */,
				B0E0F84B1A0FE58F00AC4849 /* still0013.jpg in Resources */,
				6B7254C71A0E900900374977 /* Images.xcassets in Resources */,
				B0E0F84A1A0FE58F00AC4849 /* still0012.jpg in Resources */,
				6B7254F31A0EF94D00374977 /* Grandma'sTV0728.png in Resources */,
				B0E0F8401A0FE58F00AC4849 /* still0002.jpg in Resources */,
				B0E0F8441A0FE58F00AC4849 /* still0006.jpg in Resources */,
				B0E0F82D1A0FDB3000AC4849 /* Video.storyboard in Resources */,
				B0E0F8451A0FE58F00AC4849 /* still0007.jpg in Resources */,
				B0E0F8491A0FE58F00AC4849 /* still0011.jpg in Resources */,
				B0E0F8301A0FDB3B00AC4849 /* self.mp4 in Resources */,
				6B7254E21A0E950D00374977 /* backgroundReckroom.jpg in Resources */,
				B0E0F8471A0FE58F00AC4849 /* still0009.jpg in Resources */,
				B0E0F83F1A0FE58F00AC4849 /* still0001.jpg in Resources */,
				B0E0F8421A0FE58F00AC4849 /* still0004.jpg in Resources */,
			);
			runOnlyForDeploymentPostprocessing = 0;
		};
		6B7254CD1A0E900900374977 /* Resources */ = {
			isa = PBXResourcesBuildPhase;
			buildActionMask = 2147483647;
			files = (
			);
			runOnlyForDeploymentPostprocessing = 0;
		};
/* End PBXResourcesBuildPhase section */

/* Begin PBXShellScriptBuildPhase section */
		343E5300B8EDC877201722CB /* Check Pods Manifest.lock */ = {
			isa = PBXShellScriptBuildPhase;
			buildActionMask = 2147483647;
			files = (
			);
			inputPaths = (
			);
			name = "Check Pods Manifest.lock";
			outputPaths = (
			);
			runOnlyForDeploymentPostprocessing = 0;
			shellPath = /bin/sh;
			shellScript = "diff \"${PODS_ROOT}/../Podfile.lock\" \"${PODS_ROOT}/Manifest.lock\" > /dev/null\nif [[ $? != 0 ]] ; then\n    cat << EOM\nerror: The sandbox is not in sync with the Podfile.lock. Run 'pod install' or update your CocoaPods installation.\nEOM\n    exit 1\nfi\n";
			showEnvVarsInLog = 0;
		};
		9302F54F5B60713C0D6AC22B /* Copy Pods Resources */ = {
			isa = PBXShellScriptBuildPhase;
			buildActionMask = 2147483647;
			files = (
			);
			inputPaths = (
			);
			name = "Copy Pods Resources";
			outputPaths = (
			);
			runOnlyForDeploymentPostprocessing = 0;
			shellPath = /bin/sh;
			shellScript = "\"${SRCROOT}/Pods/Target Support Files/Pods-Encounters/Pods-Encounters-resources.sh\"\n";
			showEnvVarsInLog = 0;
		};
		9F12D6487C7CFC51FE367210 /* Check Pods Manifest.lock */ = {
			isa = PBXShellScriptBuildPhase;
			buildActionMask = 2147483647;
			files = (
			);
			inputPaths = (
			);
			name = "Check Pods Manifest.lock";
			outputPaths = (
			);
			runOnlyForDeploymentPostprocessing = 0;
			shellPath = /bin/sh;
			shellScript = "diff \"${PODS_ROOT}/../Podfile.lock\" \"${PODS_ROOT}/Manifest.lock\" > /dev/null\nif [[ $? != 0 ]] ; then\n    cat << EOM\nerror: The sandbox is not in sync with the Podfile.lock. Run 'pod install' or update your CocoaPods installation.\nEOM\n    exit 1\nfi\n";
			showEnvVarsInLog = 0;
		};
		EA0DFA2EE0F7607F62257C8F /* Copy Pods Resources */ = {
			isa = PBXShellScriptBuildPhase;
			buildActionMask = 2147483647;
			files = (
			);
			inputPaths = (
			);
			name = "Copy Pods Resources";
			outputPaths = (
			);
			runOnlyForDeploymentPostprocessing = 0;
			shellPath = /bin/sh;
			shellScript = "\"${SRCROOT}/Pods/Target Support Files/Pods-EncountersTests/Pods-EncountersTests-resources.sh\"\n";
			showEnvVarsInLog = 0;
		};
/* End PBXShellScriptBuildPhase section */

/* Begin PBXSourcesBuildPhase section */
		6B7254B21A0E900800374977 /* Sources */ = {
			isa = PBXSourcesBuildPhase;
			buildActionMask = 2147483647;
			files = (
				6B7254C21A0E900900374977 /* ViewController.m in Sources */,
				6B7254E51A0EA67B00374977 /* Prompt.m in Sources */,
				6B7254BF1A0E900900374977 /* AppDelegate.m in Sources */,
				6B7254BC1A0E900900374977 /* main.m in Sources */,
				B0E0F82E1A0FDB3000AC4849 /* VideoViewController.m in Sources */,
				6B7254E81A0EB1EF00374977 /* ServerHandler.m in Sources */,
				6B7254F11A0EF22600374977 /* SplashViewController.m in Sources */,
			);
			runOnlyForDeploymentPostprocessing = 0;
		};
		6B7254CB1A0E900900374977 /* Sources */ = {
			isa = PBXSourcesBuildPhase;
			buildActionMask = 2147483647;
			files = (
				6B7254D61A0E900900374977 /* EncountersTests.m in Sources */,
			);
			runOnlyForDeploymentPostprocessing = 0;
		};
/* End PBXSourcesBuildPhase section */

/* Begin PBXTargetDependency section */
		6B7254D11A0E900900374977 /* PBXTargetDependency */ = {
			isa = PBXTargetDependency;
			target = 6B7254B51A0E900800374977 /* Encounters */;
			targetProxy = 6B7254D01A0E900900374977 /* PBXContainerItemProxy */;
		};
/* End PBXTargetDependency section */

/* Begin PBXVariantGroup section */
		6B7254C31A0E900900374977 /* Main.storyboard */ = {
			isa = PBXVariantGroup;
			children = (
				6B7254C41A0E900900374977 /* Base */,
			);
			name = Main.storyboard;
			sourceTree = "<group>";
		};
		6B7254C81A0E900900374977 /* LaunchScreen.xib */ = {
			isa = PBXVariantGroup;
			children = (
				6B7254C91A0E900900374977 /* Base */,
			);
			name = LaunchScreen.xib;
			sourceTree = "<group>";
		};
/* End PBXVariantGroup section */

/* Begin XCBuildConfiguration section */
		6B7254D71A0E900900374977 /* Debug */ = {
			isa = XCBuildConfiguration;
			buildSettings = {
				ALWAYS_SEARCH_USER_PATHS = NO;
				CLANG_CXX_LANGUAGE_STANDARD = "gnu++0x";
				CLANG_CXX_LIBRARY = "libc++";
				CLANG_ENABLE_MODULES = YES;
				CLANG_ENABLE_OBJC_ARC = YES;
				CLANG_WARN_BOOL_CONVERSION = YES;
				CLANG_WARN_CONSTANT_CONVERSION = YES;
				CLANG_WARN_DIRECT_OBJC_ISA_USAGE = YES_ERROR;
				CLANG_WARN_EMPTY_BODY = YES;
				CLANG_WARN_ENUM_CONVERSION = YES;
				CLANG_WARN_INT_CONVERSION = YES;
				CLANG_WARN_OBJC_ROOT_CLASS = YES_ERROR;
				CLANG_WARN_UNREACHABLE_CODE = YES;
				CLANG_WARN__DUPLICATE_METHOD_MATCH = YES;
				"CODE_SIGN_IDENTITY[sdk=iphoneos*]" = "iPhone Developer";
				COPY_PHASE_STRIP = NO;
				ENABLE_STRICT_OBJC_MSGSEND = YES;
				GCC_C_LANGUAGE_STANDARD = gnu99;
				GCC_DYNAMIC_NO_PIC = NO;
				GCC_OPTIMIZATION_LEVEL = 0;
				GCC_PREPROCESSOR_DEFINITIONS = (
					"DEBUG=1",
					"$(inherited)",
				);
				GCC_SYMBOLS_PRIVATE_EXTERN = NO;
				GCC_WARN_64_TO_32_BIT_CONVERSION = YES;
				GCC_WARN_ABOUT_RETURN_TYPE = YES_ERROR;
				GCC_WARN_UNDECLARED_SELECTOR = YES;
				GCC_WARN_UNINITIALIZED_AUTOS = YES_AGGRESSIVE;
				GCC_WARN_UNUSED_FUNCTION = YES;
				GCC_WARN_UNUSED_VARIABLE = YES;
				IPHONEOS_DEPLOYMENT_TARGET = 8.1;
				MTL_ENABLE_DEBUG_INFO = YES;
				ONLY_ACTIVE_ARCH = YES;
				SDKROOT = iphoneos;
			};
			name = Debug;
		};
		6B7254D81A0E900900374977 /* Release */ = {
			isa = XCBuildConfiguration;
			buildSettings = {
				ALWAYS_SEARCH_USER_PATHS = NO;
				CLANG_CXX_LANGUAGE_STANDARD = "gnu++0x";
				CLANG_CXX_LIBRARY = "libc++";
				CLANG_ENABLE_MODULES = YES;
				CLANG_ENABLE_OBJC_ARC = YES;
				CLANG_WARN_BOOL_CONVERSION = YES;
				CLANG_WARN_CONSTANT_CONVERSION = YES;
				CLANG_WARN_DIRECT_OBJC_ISA_USAGE = YES_ERROR;
				CLANG_WARN_EMPTY_BODY = YES;
				CLANG_WARN_ENUM_CONVERSION = YES;
				CLANG_WARN_INT_CONVERSION = YES;
				CLANG_WARN_OBJC_ROOT_CLASS = YES_ERROR;
				CLANG_WARN_UNREACHABLE_CODE = YES;
				CLANG_WARN__DUPLICATE_METHOD_MATCH = YES;
				"CODE_SIGN_IDENTITY[sdk=iphoneos*]" = "iPhone Developer";
				COPY_PHASE_STRIP = YES;
				ENABLE_NS_ASSERTIONS = NO;
				ENABLE_STRICT_OBJC_MSGSEND = YES;
				GCC_C_LANGUAGE_STANDARD = gnu99;
				GCC_WARN_64_TO_32_BIT_CONVERSION = YES;
				GCC_WARN_ABOUT_RETURN_TYPE = YES_ERROR;
				GCC_WARN_UNDECLARED_SELECTOR = YES;
				GCC_WARN_UNINITIALIZED_AUTOS = YES_AGGRESSIVE;
				GCC_WARN_UNUSED_FUNCTION = YES;
				GCC_WARN_UNUSED_VARIABLE = YES;
				IPHONEOS_DEPLOYMENT_TARGET = 8.1;
				MTL_ENABLE_DEBUG_INFO = NO;
				SDKROOT = iphoneos;
				VALIDATE_PRODUCT = YES;
			};
			name = Release;
		};
		6B7254DA1A0E900900374977 /* Debug */ = {
			isa = XCBuildConfiguration;
			baseConfigurationReference = 4AC642BC26650AE6CC756776 /* Pods-Encounters.debug.xcconfig */;
			buildSettings = {
				ASSETCATALOG_COMPILER_APPICON_NAME = AppIcon;
				INFOPLIST_FILE = Encounters/Info.plist;
				LD_RUNPATH_SEARCH_PATHS = "$(inherited) @executable_path/Frameworks";
				PRODUCT_NAME = "$(TARGET_NAME)";
			};
			name = Debug;
		};
		6B7254DB1A0E900900374977 /* Release */ = {
			isa = XCBuildConfiguration;
			baseConfigurationReference = BAC26E4819CF443216B7CC64 /* Pods-Encounters.release.xcconfig */;
			buildSettings = {
				ASSETCATALOG_COMPILER_APPICON_NAME = AppIcon;
				INFOPLIST_FILE = Encounters/Info.plist;
				LD_RUNPATH_SEARCH_PATHS = "$(inherited) @executable_path/Frameworks";
				PRODUCT_NAME = "$(TARGET_NAME)";
			};
			name = Release;
		};
		6B7254DD1A0E900900374977 /* Debug */ = {
			isa = XCBuildConfiguration;
			baseConfigurationReference = 5BB18F4FC31A9A5A3DE8A32A /* Pods-EncountersTests.debug.xcconfig */;
			buildSettings = {
				BUNDLE_LOADER = "$(TEST_HOST)";
				FRAMEWORK_SEARCH_PATHS = (
					"$(SDKROOT)/Developer/Library/Frameworks",
					"$(inherited)",
				);
				GCC_PREPROCESSOR_DEFINITIONS = (
					"DEBUG=1",
					"$(inherited)",
				);
				INFOPLIST_FILE = EncountersTests/Info.plist;
				LD_RUNPATH_SEARCH_PATHS = "$(inherited) @executable_path/Frameworks @loader_path/Frameworks";
				PRODUCT_NAME = "$(TARGET_NAME)";
				TEST_HOST = "$(BUILT_PRODUCTS_DIR)/Encounters.app/Encounters";
			};
			name = Debug;
		};
		6B7254DE1A0E900900374977 /* Release */ = {
			isa = XCBuildConfiguration;
			baseConfigurationReference = D051BDBD2D1CBFA03DAF7066 /* Pods-EncountersTests.release.xcconfig */;
			buildSettings = {
				BUNDLE_LOADER = "$(TEST_HOST)";
				FRAMEWORK_SEARCH_PATHS = (
					"$(SDKROOT)/Developer/Library/Frameworks",
					"$(inherited)",
				);
				INFOPLIST_FILE = EncountersTests/Info.plist;
				LD_RUNPATH_SEARCH_PATHS = "$(inherited) @executable_path/Frameworks @loader_path/Frameworks";
				PRODUCT_NAME = "$(TARGET_NAME)";
				TEST_HOST = "$(BUILT_PRODUCTS_DIR)/Encounters.app/Encounters";
			};
			name = Release;
		};
/* End XCBuildConfiguration section */

/* Begin XCConfigurationList section */
		6B7254B11A0E900800374977 /* Build configuration list for PBXProject "Encounters" */ = {
			isa = XCConfigurationList;
			buildConfigurations = (
				6B7254D71A0E900900374977 /* Debug */,
				6B7254D81A0E900900374977 /* Release */,
			);
			defaultConfigurationIsVisible = 0;
			defaultConfigurationName = Release;
		};
		6B7254D91A0E900900374977 /* Build configuration list for PBXNativeTarget "Encounters" */ = {
			isa = XCConfigurationList;
			buildConfigurations = (
				6B7254DA1A0E900900374977 /* Debug */,
				6B7254DB1A0E900900374977 /* Release */,
			);
			defaultConfigurationIsVisible = 0;
			defaultConfigurationName = Release;
		};
		6B7254DC1A0E900900374977 /* Build configuration list for PBXNativeTarget "EncountersTests" */ = {
			isa = XCConfigurationList;
			buildConfigurations = (
				6B7254DD1A0E900900374977 /* Debug */,
				6B7254DE1A0E900900374977 /* Release */,
			);
			defaultConfigurationIsVisible = 0;
			defaultConfigurationName = Release;
		};
/* End XCConfigurationList section */
	};
	rootObject = 6B7254AE1A0E900800374977 /* Project object */;
}
